// !$*UTF8*$!
{
	archiveVersion = 1;
	classes = {
	};
	objectVersion = 56;
	objects = {

/* Begin PBXBuildFile section */
		406CC0152B68A64B00C800AD /* TBSGFormViewController.swift in Sources */ = {isa = PBXBuildFile; fileRef = 406CC0142B68A64B00C800AD /* TBSGFormViewController.swift */; };
		406CC01B2B68A8D900C800AD /* TBSGFormPresenter.swift in Sources */ = {isa = PBXBuildFile; fileRef = 406CC01A2B68A8D900C800AD /* TBSGFormPresenter.swift */; };
		406CC01D2B68A97400C800AD /* TBSGFormCellsEnum.swift in Sources */ = {isa = PBXBuildFile; fileRef = 406CC01C2B68A97400C800AD /* TBSGFormCellsEnum.swift */; };
		406CC0212B68AD6000C800AD /* UITableViewCell+ReusableCellProtocol.swift in Sources */ = {isa = PBXBuildFile; fileRef = 406CC0202B68AD6000C800AD /* UITableViewCell+ReusableCellProtocol.swift */; };
		406CC0282B68AFFC00C800AD /* TBSGFormTextInputCell.swift in Sources */ = {isa = PBXBuildFile; fileRef = 406CC0272B68AFFC00C800AD /* TBSGFormTextInputCell.swift */; };
		406CC02D2B68BF4900C800AD /* TBSGReusableCellProtocol.swift in Sources */ = {isa = PBXBuildFile; fileRef = 406CC02C2B68BF4900C800AD /* TBSGReusableCellProtocol.swift */; };
		406CC02F2B68C18800C800AD /* UITableView.swift in Sources */ = {isa = PBXBuildFile; fileRef = 406CC02E2B68C18800C800AD /* UITableView.swift */; };
		406CC0312B6B4A8200C800AD /* TBSGFormDownInputCell.swift in Sources */ = {isa = PBXBuildFile; fileRef = 406CC0302B6B4A8200C800AD /* TBSGFormDownInputCell.swift */; };
		406CC0332B6B528100C800AD /* TBGSFormMultipleCaseCell.swift in Sources */ = {isa = PBXBuildFile; fileRef = 406CC0322B6B528100C800AD /* TBGSFormMultipleCaseCell.swift */; };
		406CC0372B6B6D5A00C800AD /* TBSGSelectionView.swift in Sources */ = {isa = PBXBuildFile; fileRef = 406CC0362B6B6D5A00C800AD /* TBSGSelectionView.swift */; };
		407177352B5F7D0F0015D692 /* AppDelegate.swift in Sources */ = {isa = PBXBuildFile; fileRef = 407177342B5F7D0F0015D692 /* AppDelegate.swift */; };
		407177372B5F7D0F0015D692 /* SceneDelegate.swift in Sources */ = {isa = PBXBuildFile; fileRef = 407177362B5F7D0F0015D692 /* SceneDelegate.swift */; };
		4071773E2B5F7D110015D692 /* Assets.xcassets in Resources */ = {isa = PBXBuildFile; fileRef = 4071773D2B5F7D110015D692 /* Assets.xcassets */; };
		407177412B5F7D110015D692 /* LaunchScreen.storyboard in Resources */ = {isa = PBXBuildFile; fileRef = 4071773F2B5F7D110015D692 /* LaunchScreen.storyboard */; };
		4071774C2B5F7D110015D692 /* ejemploTests.swift in Sources */ = {isa = PBXBuildFile; fileRef = 4071774B2B5F7D110015D692 /* ejemploTests.swift */; };
		407177562B5F7D110015D692 /* ejemploUITests.swift in Sources */ = {isa = PBXBuildFile; fileRef = 407177552B5F7D110015D692 /* ejemploUITests.swift */; };
		407177582B5F7D110015D692 /* ejemploUITestsLaunchTests.swift in Sources */ = {isa = PBXBuildFile; fileRef = 407177572B5F7D110015D692 /* ejemploUITestsLaunchTests.swift */; };
		407177652B5F7EE90015D692 /* TBSGNavigationViewController.swift in Sources */ = {isa = PBXBuildFile; fileRef = 407177642B5F7EE90015D692 /* TBSGNavigationViewController.swift */; };
		407177672B5F7F5F0015D692 /* TBSGTabBarViewController.swift in Sources */ = {isa = PBXBuildFile; fileRef = 407177662B5F7F5F0015D692 /* TBSGTabBarViewController.swift */; };
/* End PBXBuildFile section */

/* Begin PBXContainerItemProxy section */
		407177482B5F7D110015D692 /* PBXContainerItemProxy */ = {
			isa = PBXContainerItemProxy;
			containerPortal = 407177292B5F7D0F0015D692 /* Project object */;
			proxyType = 1;
			remoteGlobalIDString = 407177302B5F7D0F0015D692;
			remoteInfo = ejemplo;
		};
		407177522B5F7D110015D692 /* PBXContainerItemProxy */ = {
			isa = PBXContainerItemProxy;
			containerPortal = 407177292B5F7D0F0015D692 /* Project object */;
			proxyType = 1;
			remoteGlobalIDString = 407177302B5F7D0F0015D692;
			remoteInfo = ejemplo;
		};
/* End PBXContainerItemProxy section */

/* Begin PBXFileReference section */
		406CC0142B68A64B00C800AD /* TBSGFormViewController.swift */ = {isa = PBXFileReference; lastKnownFileType = sourcecode.swift; path = TBSGFormViewController.swift; sourceTree = "<group>"; };
		406CC01A2B68A8D900C800AD /* TBSGFormPresenter.swift */ = {isa = PBXFileReference; lastKnownFileType = sourcecode.swift; path = TBSGFormPresenter.swift; sourceTree = "<group>"; };
		406CC01C2B68A97400C800AD /* TBSGFormCellsEnum.swift */ = {isa = PBXFileReference; lastKnownFileType = sourcecode.swift; path = TBSGFormCellsEnum.swift; sourceTree = "<group>"; };
		406CC0202B68AD6000C800AD /* UITableViewCell+ReusableCellProtocol.swift */ = {isa = PBXFileReference; lastKnownFileType = sourcecode.swift; path = "UITableViewCell+ReusableCellProtocol.swift"; sourceTree = "<group>"; };
		406CC0272B68AFFC00C800AD /* TBSGFormTextInputCell.swift */ = {isa = PBXFileReference; lastKnownFileType = sourcecode.swift; path = TBSGFormTextInputCell.swift; sourceTree = "<group>"; };
		406CC02C2B68BF4900C800AD /* TBSGReusableCellProtocol.swift */ = {isa = PBXFileReference; lastKnownFileType = sourcecode.swift; path = TBSGReusableCellProtocol.swift; sourceTree = "<group>"; };
		406CC02E2B68C18800C800AD /* UITableView.swift */ = {isa = PBXFileReference; lastKnownFileType = sourcecode.swift; path = UITableView.swift; sourceTree = "<group>"; };
		406CC0302B6B4A8200C800AD /* TBSGFormDownInputCell.swift */ = {isa = PBXFileReference; lastKnownFileType = sourcecode.swift; path = TBSGFormDownInputCell.swift; sourceTree = "<group>"; };
		406CC0322B6B528100C800AD /* TBGSFormMultipleCaseCell.swift */ = {isa = PBXFileReference; lastKnownFileType = sourcecode.swift; path = TBGSFormMultipleCaseCell.swift; sourceTree = "<group>"; };
		406CC0362B6B6D5A00C800AD /* TBSGSelectionView.swift */ = {isa = PBXFileReference; lastKnownFileType = sourcecode.swift; path = TBSGSelectionView.swift; sourceTree = "<group>"; };
		407177312B5F7D0F0015D692 /* ejemplo.app */ = {isa = PBXFileReference; explicitFileType = wrapper.application; includeInIndex = 0; path = ejemplo.app; sourceTree = BUILT_PRODUCTS_DIR; };
		407177342B5F7D0F0015D692 /* AppDelegate.swift */ = {isa = PBXFileReference; lastKnownFileType = sourcecode.swift; path = AppDelegate.swift; sourceTree = "<group>"; };
		407177362B5F7D0F0015D692 /* SceneDelegate.swift */ = {isa = PBXFileReference; lastKnownFileType = sourcecode.swift; path = SceneDelegate.swift; sourceTree = "<group>"; };
		4071773D2B5F7D110015D692 /* Assets.xcassets */ = {isa = PBXFileReference; lastKnownFileType = folder.assetcatalog; path = Assets.xcassets; sourceTree = "<group>"; };
		407177402B5F7D110015D692 /* Base */ = {isa = PBXFileReference; lastKnownFileType = file.storyboard; name = Base; path = Base.lproj/LaunchScreen.storyboard; sourceTree = "<group>"; };
		407177422B5F7D110015D692 /* Info.plist */ = {isa = PBXFileReference; lastKnownFileType = text.plist.xml; path = Info.plist; sourceTree = "<group>"; };
		407177472B5F7D110015D692 /* ejemploTests.xctest */ = {isa = PBXFileReference; explicitFileType = wrapper.cfbundle; includeInIndex = 0; path = ejemploTests.xctest; sourceTree = BUILT_PRODUCTS_DIR; };
		4071774B2B5F7D110015D692 /* ejemploTests.swift */ = {isa = PBXFileReference; lastKnownFileType = sourcecode.swift; path = ejemploTests.swift; sourceTree = "<group>"; };
		407177512B5F7D110015D692 /* ejemploUITests.xctest */ = {isa = PBXFileReference; explicitFileType = wrapper.cfbundle; includeInIndex = 0; path = ejemploUITests.xctest; sourceTree = BUILT_PRODUCTS_DIR; };
		407177552B5F7D110015D692 /* ejemploUITests.swift */ = {isa = PBXFileReference; lastKnownFileType = sourcecode.swift; path = ejemploUITests.swift; sourceTree = "<group>"; };
		407177572B5F7D110015D692 /* ejemploUITestsLaunchTests.swift */ = {isa = PBXFileReference; lastKnownFileType = sourcecode.swift; path = ejemploUITestsLaunchTests.swift; sourceTree = "<group>"; };
		407177642B5F7EE90015D692 /* TBSGNavigationViewController.swift */ = {isa = PBXFileReference; lastKnownFileType = sourcecode.swift; path = TBSGNavigationViewController.swift; sourceTree = "<group>"; };
		407177662B5F7F5F0015D692 /* TBSGTabBarViewController.swift */ = {isa = PBXFileReference; lastKnownFileType = sourcecode.swift; path = TBSGTabBarViewController.swift; sourceTree = "<group>"; };
/* End PBXFileReference section */

/* Begin PBXFrameworksBuildPhase section */
		4071772E2B5F7D0F0015D692 /* Frameworks */ = {
			isa = PBXFrameworksBuildPhase;
			buildActionMask = 2147483647;
			files = (
			);
			runOnlyForDeploymentPostprocessing = 0;
		};
		407177442B5F7D110015D692 /* Frameworks */ = {
			isa = PBXFrameworksBuildPhase;
			buildActionMask = 2147483647;
			files = (
			);
			runOnlyForDeploymentPostprocessing = 0;
		};
		4071774E2B5F7D110015D692 /* Frameworks */ = {
			isa = PBXFrameworksBuildPhase;
			buildActionMask = 2147483647;
			files = (
			);
			runOnlyForDeploymentPostprocessing = 0;
		};
/* End PBXFrameworksBuildPhase section */

/* Begin PBXGroup section */
		406CC0162B68A89800C800AD /* FormModule */ = {
			isa = PBXGroup;
			children = (
				406CC0222B68AE1C00C800AD /* Cells */,
				406CC0192B68A8C200C800AD /* Model */,
				406CC0182B68A8BC00C800AD /* View */,
				406CC0172B68A8AA00C800AD /* Presenter */,
			);
			path = FormModule;
			sourceTree = "<group>";
		};
		406CC0172B68A8AA00C800AD /* Presenter */ = {
			isa = PBXGroup;
			children = (
				406CC01A2B68A8D900C800AD /* TBSGFormPresenter.swift */,
			);
			path = Presenter;
			sourceTree = "<group>";
		};
		406CC0182B68A8BC00C800AD /* View */ = {
			isa = PBXGroup;
			children = (
				406CC0142B68A64B00C800AD /* TBSGFormViewController.swift */,
				406CC0362B6B6D5A00C800AD /* TBSGSelectionView.swift */,
			);
			path = View;
			sourceTree = "<group>";
		};
		406CC0192B68A8C200C800AD /* Model */ = {
			isa = PBXGroup;
			children = (
				406CC01C2B68A97400C800AD /* TBSGFormCellsEnum.swift */,
			);
			path = Model;
			sourceTree = "<group>";
		};
		406CC01E2B68AD2000C800AD /* Utils */ = {
			isa = PBXGroup;
			children = (
				406CC02B2B68BF1D00C800AD /* CommonProtocols */,
				406CC01F2B68AD3D00C800AD /* Extensions */,
			);
			path = Utils;
			sourceTree = "<group>";
		};
		406CC01F2B68AD3D00C800AD /* Extensions */ = {
			isa = PBXGroup;
			children = (
				406CC0202B68AD6000C800AD /* UITableViewCell+ReusableCellProtocol.swift */,
				406CC02E2B68C18800C800AD /* UITableView.swift */,
			);
			path = Extensions;
			sourceTree = "<group>";
		};
		406CC0222B68AE1C00C800AD /* Cells */ = {
			isa = PBXGroup;
			children = (
				406CC0272B68AFFC00C800AD /* TBSGFormTextInputCell.swift */,
				406CC0302B6B4A8200C800AD /* TBSGFormDownInputCell.swift */,
				406CC0322B6B528100C800AD /* TBGSFormMultipleCaseCell.swift */,
			);
			path = Cells;
			sourceTree = "<group>";
		};
		406CC02B2B68BF1D00C800AD /* CommonProtocols */ = {
			isa = PBXGroup;
			children = (
				406CC02C2B68BF4900C800AD /* TBSGReusableCellProtocol.swift */,
			);
			path = CommonProtocols;
			sourceTree = "<group>";
		};
		407177282B5F7D0F0015D692 = {
			isa = PBXGroup;
			children = (
				407177332B5F7D0F0015D692 /* ejemplo */,
				4071774A2B5F7D110015D692 /* ejemploTests */,
				407177542B5F7D110015D692 /* ejemploUITests */,
				407177322B5F7D0F0015D692 /* Products */,
			);
			sourceTree = "<group>";
		};
		407177322B5F7D0F0015D692 /* Products */ = {
			isa = PBXGroup;
			children = (
				407177312B5F7D0F0015D692 /* ejemplo.app */,
				407177472B5F7D110015D692 /* ejemploTests.xctest */,
				407177512B5F7D110015D692 /* ejemploUITests.xctest */,
			);
			name = Products;
			sourceTree = "<group>";
		};
		407177332B5F7D0F0015D692 /* ejemplo */ = {
			isa = PBXGroup;
			children = (
				406CC01E2B68AD2000C800AD /* Utils */,
				407177342B5F7D0F0015D692 /* AppDelegate.swift */,
				407177362B5F7D0F0015D692 /* SceneDelegate.swift */,
				407177642B5F7EE90015D692 /* TBSGNavigationViewController.swift */,
				407177662B5F7F5F0015D692 /* TBSGTabBarViewController.swift */,
				406CC0162B68A89800C800AD /* FormModule */,
				4071773D2B5F7D110015D692 /* Assets.xcassets */,
				4071773F2B5F7D110015D692 /* LaunchScreen.storyboard */,
				407177422B5F7D110015D692 /* Info.plist */,
			);
			path = ejemplo;
			sourceTree = "<group>";
		};
		4071774A2B5F7D110015D692 /* ejemploTests */ = {
			isa = PBXGroup;
			children = (
				4071774B2B5F7D110015D692 /* ejemploTests.swift */,
			);
			path = ejemploTests;
			sourceTree = "<group>";
		};
		407177542B5F7D110015D692 /* ejemploUITests */ = {
			isa = PBXGroup;
			children = (
				407177552B5F7D110015D692 /* ejemploUITests.swift */,
				407177572B5F7D110015D692 /* ejemploUITestsLaunchTests.swift */,
			);
			path = ejemploUITests;
			sourceTree = "<group>";
		};
/* End PBXGroup section */

/* Begin PBXNativeTarget section */
		407177302B5F7D0F0015D692 /* ejemplo */ = {
			isa = PBXNativeTarget;
			buildConfigurationList = 4071775B2B5F7D110015D692 /* Build configuration list for PBXNativeTarget "ejemplo" */;
			buildPhases = (
				4071772D2B5F7D0F0015D692 /* Sources */,
				4071772E2B5F7D0F0015D692 /* Frameworks */,
				4071772F2B5F7D0F0015D692 /* Resources */,
			);
			buildRules = (
			);
			dependencies = (
			);
			name = ejemplo;
			productName = ejemplo;
			productReference = 407177312B5F7D0F0015D692 /* ejemplo.app */;
			productType = "com.apple.product-type.application";
		};
		407177462B5F7D110015D692 /* ejemploTests */ = {
			isa = PBXNativeTarget;
			buildConfigurationList = 4071775E2B5F7D110015D692 /* Build configuration list for PBXNativeTarget "ejemploTests" */;
			buildPhases = (
				407177432B5F7D110015D692 /* Sources */,
				407177442B5F7D110015D692 /* Frameworks */,
				407177452B5F7D110015D692 /* Resources */,
			);
			buildRules = (
			);
			dependencies = (
				407177492B5F7D110015D692 /* PBXTargetDependency */,
			);
			name = ejemploTests;
			productName = ejemploTests;
			productReference = 407177472B5F7D110015D692 /* ejemploTests.xctest */;
			productType = "com.apple.product-type.bundle.unit-test";
		};
		407177502B5F7D110015D692 /* ejemploUITests */ = {
			isa = PBXNativeTarget;
			buildConfigurationList = 407177612B5F7D110015D692 /* Build configuration list for PBXNativeTarget "ejemploUITests" */;
			buildPhases = (
				4071774D2B5F7D110015D692 /* Sources */,
				4071774E2B5F7D110015D692 /* Frameworks */,
				4071774F2B5F7D110015D692 /* Resources */,
			);
			buildRules = (
			);
			dependencies = (
				407177532B5F7D110015D692 /* PBXTargetDependency */,
			);
			name = ejemploUITests;
			productName = ejemploUITests;
			productReference = 407177512B5F7D110015D692 /* ejemploUITests.xctest */;
			productType = "com.apple.product-type.bundle.ui-testing";
		};
/* End PBXNativeTarget section */

/* Begin PBXProject section */
		407177292B5F7D0F0015D692 /* Project object */ = {
			isa = PBXProject;
			attributes = {
				BuildIndependentTargetsInParallel = 1;
				LastSwiftUpdateCheck = 1520;
				LastUpgradeCheck = 1520;
				TargetAttributes = {
					407177302B5F7D0F0015D692 = {
						CreatedOnToolsVersion = 15.2;
					};
					407177462B5F7D110015D692 = {
						CreatedOnToolsVersion = 15.2;
						TestTargetID = 407177302B5F7D0F0015D692;
					};
					407177502B5F7D110015D692 = {
						CreatedOnToolsVersion = 15.2;
						TestTargetID = 407177302B5F7D0F0015D692;
					};
				};
			};
			buildConfigurationList = 4071772C2B5F7D0F0015D692 /* Build configuration list for PBXProject "ejemplo" */;
			compatibilityVersion = "Xcode 14.0";
			developmentRegion = en;
			hasScannedForEncodings = 0;
			knownRegions = (
				en,
				Base,
			);
			mainGroup = 407177282B5F7D0F0015D692;
			productRefGroup = 407177322B5F7D0F0015D692 /* Products */;
			projectDirPath = "";
			projectRoot = "";
			targets = (
				407177302B5F7D0F0015D692 /* ejemplo */,
				407177462B5F7D110015D692 /* ejemploTests */,
				407177502B5F7D110015D692 /* ejemploUITests */,
			);
		};
/* End PBXProject section */

/* Begin PBXResourcesBuildPhase section */
		4071772F2B5F7D0F0015D692 /* Resources */ = {
			isa = PBXResourcesBuildPhase;
			buildActionMask = 2147483647;
			files = (
				407177412B5F7D110015D692 /* LaunchScreen.storyboard in Resources */,
				4071773E2B5F7D110015D692 /* Assets.xcassets in Resources */,
			);
			runOnlyForDeploymentPostprocessing = 0;
		};
		407177452B5F7D110015D692 /* Resources */ = {
			isa = PBXResourcesBuildPhase;
			buildActionMask = 2147483647;
			files = (
			);
			runOnlyForDeploymentPostprocessing = 0;
		};
		4071774F2B5F7D110015D692 /* Resources */ = {
			isa = PBXResourcesBuildPhase;
			buildActionMask = 2147483647;
			files = (
			);
			runOnlyForDeploymentPostprocessing = 0;
		};
/* End PBXResourcesBuildPhase section */

/* Begin PBXSourcesBuildPhase section */
		4071772D2B5F7D0F0015D692 /* Sources */ = {
			isa = PBXSourcesBuildPhase;
			buildActionMask = 2147483647;
			files = (
				407177672B5F7F5F0015D692 /* TBSGTabBarViewController.swift in Sources */,
				406CC0332B6B528100C800AD /* TBGSFormMultipleCaseCell.swift in Sources */,
				407177652B5F7EE90015D692 /* TBSGNavigationViewController.swift in Sources */,
				406CC0372B6B6D5A00C800AD /* TBSGSelectionView.swift in Sources */,
				406CC01D2B68A97400C800AD /* TBSGFormCellsEnum.swift in Sources */,
				406CC01B2B68A8D900C800AD /* TBSGFormPresenter.swift in Sources */,
				407177352B5F7D0F0015D692 /* AppDelegate.swift in Sources */,
				406CC0282B68AFFC00C800AD /* TBSGFormTextInputCell.swift in Sources */,
				406CC0312B6B4A8200C800AD /* TBSGFormDownInputCell.swift in Sources */,
				406CC02D2B68BF4900C800AD /* TBSGReusableCellProtocol.swift in Sources */,
				406CC02F2B68C18800C800AD /* UITableView.swift in Sources */,
				406CC0152B68A64B00C800AD /* TBSGFormViewController.swift in Sources */,
				406CC0212B68AD6000C800AD /* UITableViewCell+ReusableCellProtocol.swift in Sources */,
				407177372B5F7D0F0015D692 /* SceneDelegate.swift in Sources */,
			);
			runOnlyForDeploymentPostprocessing = 0;
		};
		407177432B5F7D110015D692 /* Sources */ = {
			isa = PBXSourcesBuildPhase;
			buildActionMask = 2147483647;
			files = (
				4071774C2B5F7D110015D692 /* ejemploTests.swift in Sources */,
			);
			runOnlyForDeploymentPostprocessing = 0;
		};
		4071774D2B5F7D110015D692 /* Sources */ = {
			isa = PBXSourcesBuildPhase;
			buildActionMask = 2147483647;
			files = (
				407177562B5F7D110015D692 /* ejemploUITests.swift in Sources */,
				407177582B5F7D110015D692 /* ejemploUITestsLaunchTests.swift in Sources */,
			);
			runOnlyForDeploymentPostprocessing = 0;
		};
/* End PBXSourcesBuildPhase section */

/* Begin PBXTargetDependency section */
		407177492B5F7D110015D692 /* PBXTargetDependency */ = {
			isa = PBXTargetDependency;
			target = 407177302B5F7D0F0015D692 /* ejemplo */;
			targetProxy = 407177482B5F7D110015D692 /* PBXContainerItemProxy */;
		};
		407177532B5F7D110015D692 /* PBXTargetDependency */ = {
			isa = PBXTargetDependency;
			target = 407177302B5F7D0F0015D692 /* ejemplo */;
			targetProxy = 407177522B5F7D110015D692 /* PBXContainerItemProxy */;
		};
/* End PBXTargetDependency section */

/* Begin PBXVariantGroup section */
		4071773F2B5F7D110015D692 /* LaunchScreen.storyboard */ = {
			isa = PBXVariantGroup;
			children = (
				407177402B5F7D110015D692 /* Base */,
			);
			name = LaunchScreen.storyboard;
			sourceTree = "<group>";
		};
/* End PBXVariantGroup section */

/* Begin XCBuildConfiguration section */
		407177592B5F7D110015D692 /* Debug */ = {
			isa = XCBuildConfiguration;
			buildSettings = {
				ALWAYS_SEARCH_USER_PATHS = NO;
				ASSETCATALOG_COMPILER_GENERATE_SWIFT_ASSET_SYMBOL_EXTENSIONS = YES;
				CLANG_ANALYZER_NONNULL = YES;
				CLANG_ANALYZER_NUMBER_OBJECT_CONVERSION = YES_AGGRESSIVE;
				CLANG_CXX_LANGUAGE_STANDARD = "gnu++20";
				CLANG_ENABLE_MODULES = YES;
				CLANG_ENABLE_OBJC_ARC = YES;
				CLANG_ENABLE_OBJC_WEAK = YES;
				CLANG_WARN_BLOCK_CAPTURE_AUTORELEASING = YES;
				CLANG_WARN_BOOL_CONVERSION = YES;
				CLANG_WARN_COMMA = YES;
				CLANG_WARN_CONSTANT_CONVERSION = YES;
				CLANG_WARN_DEPRECATED_OBJC_IMPLEMENTATIONS = YES;
				CLANG_WARN_DIRECT_OBJC_ISA_USAGE = YES_ERROR;
				CLANG_WARN_DOCUMENTATION_COMMENTS = YES;
				CLANG_WARN_EMPTY_BODY = YES;
				CLANG_WARN_ENUM_CONVERSION = YES;
				CLANG_WARN_INFINITE_RECURSION = YES;
				CLANG_WARN_INT_CONVERSION = YES;
				CLANG_WARN_NON_LITERAL_NULL_CONVERSION = YES;
				CLANG_WARN_OBJC_IMPLICIT_RETAIN_SELF = YES;
				CLANG_WARN_OBJC_LITERAL_CONVERSION = YES;
				CLANG_WARN_OBJC_ROOT_CLASS = YES_ERROR;
				CLANG_WARN_QUOTED_INCLUDE_IN_FRAMEWORK_HEADER = YES;
				CLANG_WARN_RANGE_LOOP_ANALYSIS = YES;
				CLANG_WARN_STRICT_PROTOTYPES = YES;
				CLANG_WARN_SUSPICIOUS_MOVE = YES;
				CLANG_WARN_UNGUARDED_AVAILABILITY = YES_AGGRESSIVE;
				CLANG_WARN_UNREACHABLE_CODE = YES;
				CLANG_WARN__DUPLICATE_METHOD_MATCH = YES;
				COPY_PHASE_STRIP = NO;
				DEBUG_INFORMATION_FORMAT = dwarf;
				ENABLE_STRICT_OBJC_MSGSEND = YES;
				ENABLE_TESTABILITY = YES;
				ENABLE_USER_SCRIPT_SANDBOXING = YES;
				GCC_C_LANGUAGE_STANDARD = gnu17;
				GCC_DYNAMIC_NO_PIC = NO;
				GCC_NO_COMMON_BLOCKS = YES;
				GCC_OPTIMIZATION_LEVEL = 0;
				GCC_PREPROCESSOR_DEFINITIONS = (
					"DEBUG=1",
					"$(inherited)",
				);
				GCC_WARN_64_TO_32_BIT_CONVERSION = YES;
				GCC_WARN_ABOUT_RETURN_TYPE = YES_ERROR;
				GCC_WARN_UNDECLARED_SELECTOR = YES;
				GCC_WARN_UNINITIALIZED_AUTOS = YES_AGGRESSIVE;
				GCC_WARN_UNUSED_FUNCTION = YES;
				GCC_WARN_UNUSED_VARIABLE = YES;
				IPHONEOS_DEPLOYMENT_TARGET = 17.2;
				LOCALIZATION_PREFERS_STRING_CATALOGS = YES;
				MTL_ENABLE_DEBUG_INFO = INCLUDE_SOURCE;
				MTL_FAST_MATH = YES;
				ONLY_ACTIVE_ARCH = YES;
				SDKROOT = iphoneos;
				SWIFT_ACTIVE_COMPILATION_CONDITIONS = "DEBUG $(inherited)";
				SWIFT_OPTIMIZATION_LEVEL = "-Onone";
			};
			name = Debug;
		};
		4071775A2B5F7D110015D692 /* Release */ = {
			isa = XCBuildConfiguration;
			buildSettings = {
				ALWAYS_SEARCH_USER_PATHS = NO;
				ASSETCATALOG_COMPILER_GENERATE_SWIFT_ASSET_SYMBOL_EXTENSIONS = YES;
				CLANG_ANALYZER_NONNULL = YES;
				CLANG_ANALYZER_NUMBER_OBJECT_CONVERSION = YES_AGGRESSIVE;
				CLANG_CXX_LANGUAGE_STANDARD = "gnu++20";
				CLANG_ENABLE_MODULES = YES;
				CLANG_ENABLE_OBJC_ARC = YES;
				CLANG_ENABLE_OBJC_WEAK = YES;
				CLANG_WARN_BLOCK_CAPTURE_AUTORELEASING = YES;
				CLANG_WARN_BOOL_CONVERSION = YES;
				CLANG_WARN_COMMA = YES;
				CLANG_WARN_CONSTANT_CONVERSION = YES;
				CLANG_WARN_DEPRECATED_OBJC_IMPLEMENTATIONS = YES;
				CLANG_WARN_DIRECT_OBJC_ISA_USAGE = YES_ERROR;
				CLANG_WARN_DOCUMENTATION_COMMENTS = YES;
				CLANG_WARN_EMPTY_BODY = YES;
				CLANG_WARN_ENUM_CONVERSION = YES;
				CLANG_WARN_INFINITE_RECURSION = YES;
				CLANG_WARN_INT_CONVERSION = YES;
				CLANG_WARN_NON_LITERAL_NULL_CONVERSION = YES;
				CLANG_WARN_OBJC_IMPLICIT_RETAIN_SELF = YES;
				CLANG_WARN_OBJC_LITERAL_CONVERSION = YES;
				CLANG_WARN_OBJC_ROOT_CLASS = YES_ERROR;
				CLANG_WARN_QUOTED_INCLUDE_IN_FRAMEWORK_HEADER = YES;
				CLANG_WARN_RANGE_LOOP_ANALYSIS = YES;
				CLANG_WARN_STRICT_PROTOTYPES = YES;
				CLANG_WARN_SUSPICIOUS_MOVE = YES;
				CLANG_WARN_UNGUARDED_AVAILABILITY = YES_AGGRESSIVE;
				CLANG_WARN_UNREACHABLE_CODE = YES;
				CLANG_WARN__DUPLICATE_METHOD_MATCH = YES;
				COPY_PHASE_STRIP = NO;
				DEBUG_INFORMATION_FORMAT = "dwarf-with-dsym";
				ENABLE_NS_ASSERTIONS = NO;
				ENABLE_STRICT_OBJC_MSGSEND = YES;
				ENABLE_USER_SCRIPT_SANDBOXING = YES;
				GCC_C_LANGUAGE_STANDARD = gnu17;
				GCC_NO_COMMON_BLOCKS = YES;
				GCC_WARN_64_TO_32_BIT_CONVERSION = YES;
				GCC_WARN_ABOUT_RETURN_TYPE = YES_ERROR;
				GCC_WARN_UNDECLARED_SELECTOR = YES;
				GCC_WARN_UNINITIALIZED_AUTOS = YES_AGGRESSIVE;
				GCC_WARN_UNUSED_FUNCTION = YES;
				GCC_WARN_UNUSED_VARIABLE = YES;
				IPHONEOS_DEPLOYMENT_TARGET = 17.2;
				LOCALIZATION_PREFERS_STRING_CATALOGS = YES;
				MTL_ENABLE_DEBUG_INFO = NO;
				MTL_FAST_MATH = YES;
				SDKROOT = iphoneos;
				SWIFT_COMPILATION_MODE = wholemodule;
				VALIDATE_PRODUCT = YES;
			};
			name = Release;
		};
		4071775C2B5F7D110015D692 /* Debug */ = {
			isa = XCBuildConfiguration;
			buildSettings = {
				ASSETCATALOG_COMPILER_APPICON_NAME = AppIcon;
				ASSETCATALOG_COMPILER_GLOBAL_ACCENT_COLOR_NAME = AccentColor;
				CODE_SIGN_STYLE = Automatic;
				CURRENT_PROJECT_VERSION = 1;
				DEVELOPMENT_TEAM = 7MMPUSV826;
				GENERATE_INFOPLIST_FILE = YES;
				INFOPLIST_FILE = ejemplo/Info.plist;
				INFOPLIST_KEY_UIApplicationSupportsIndirectInputEvents = YES;
				INFOPLIST_KEY_UILaunchStoryboardName = LaunchScreen;
				INFOPLIST_KEY_UIMainStoryboardFile = "";
				INFOPLIST_KEY_UIStatusBarStyle = "";
				INFOPLIST_KEY_UISupportedInterfaceOrientations_iPad = "UIInterfaceOrientationPortrait UIInterfaceOrientationPortraitUpsideDown UIInterfaceOrientationLandscapeLeft UIInterfaceOrientationLandscapeRight";
				INFOPLIST_KEY_UISupportedInterfaceOrientations_iPhone = "UIInterfaceOrientationPortrait UIInterfaceOrientationLandscapeLeft UIInterfaceOrientationLandscapeRight";
				LD_RUNPATH_SEARCH_PATHS = (
					"$(inherited)",
					"@executable_path/Frameworks",
				);
				MARKETING_VERSION = 1.0;
				PRODUCT_BUNDLE_IDENTIFIER = tbsg.ejemplo;
				PRODUCT_NAME = "$(TARGET_NAME)";
				SWIFT_EMIT_LOC_STRINGS = YES;
				SWIFT_VERSION = 5.0;
				TARGETED_DEVICE_FAMILY = "1,2";
			};
			name = Debug;
		};
		4071775D2B5F7D110015D692 /* Release */ = {
			isa = XCBuildConfiguration;
			buildSettings = {
				ASSETCATALOG_COMPILER_APPICON_NAME = AppIcon;
				ASSETCATALOG_COMPILER_GLOBAL_ACCENT_COLOR_NAME = AccentColor;
				CODE_SIGN_STYLE = Automatic;
				CURRENT_PROJECT_VERSION = 1;
				DEVELOPMENT_TEAM = QTP83VAVMZ;
				GENERATE_INFOPLIST_FILE = YES;
				INFOPLIST_FILE = ejemplo/Info.plist;
				INFOPLIST_KEY_UIApplicationSupportsIndirectInputEvents = YES;
				INFOPLIST_KEY_UILaunchStoryboardName = LaunchScreen;
				INFOPLIST_KEY_UIMainStoryboardFile = "";
				INFOPLIST_KEY_UIStatusBarStyle = "";
				INFOPLIST_KEY_UISupportedInterfaceOrientations_iPad = "UIInterfaceOrientationPortrait UIInterfaceOrientationPortraitUpsideDown UIInterfaceOrientationLandscapeLeft UIInterfaceOrientationLandscapeRight";
				INFOPLIST_KEY_UISupportedInterfaceOrientations_iPhone = "UIInterfaceOrientationPortrait UIInterfaceOrientationLandscapeLeft UIInterfaceOrientationLandscapeRight";
				LD_RUNPATH_SEARCH_PATHS = (
					"$(inherited)",
					"@executable_path/Frameworks",
				);
				MARKETING_VERSION = 1.0;
				PRODUCT_BUNDLE_IDENTIFIER = tbsg.ejemplo;
				PRODUCT_NAME = "$(TARGET_NAME)";
				SWIFT_EMIT_LOC_STRINGS = YES;
				SWIFT_VERSION = 5.0;
				TARGETED_DEVICE_FAMILY = "1,2";
			};
			name = Release;
		};
		4071775F2B5F7D110015D692 /* Debug */ = {
			isa = XCBuildConfiguration;
			buildSettings = {
				ALWAYS_EMBED_SWIFT_STANDARD_LIBRARIES = YES;
				BUNDLE_LOADER = "$(TEST_HOST)";
				CODE_SIGN_STYLE = Automatic;
				CURRENT_PROJECT_VERSION = 1;
				GENERATE_INFOPLIST_FILE = YES;
				IPHONEOS_DEPLOYMENT_TARGET = 17.2;
				MARKETING_VERSION = 1.0;
				PRODUCT_BUNDLE_IDENTIFIER = tbsg.ejemploTests;
				PRODUCT_NAME = "$(TARGET_NAME)";
				SWIFT_EMIT_LOC_STRINGS = NO;
				SWIFT_VERSION = 5.0;
				TARGETED_DEVICE_FAMILY = "1,2";
				TEST_HOST = "$(BUILT_PRODUCTS_DIR)/ejemplo.app/$(BUNDLE_EXECUTABLE_FOLDER_PATH)/ejemplo";
			};
			name = Debug;
		};
		407177602B5F7D110015D692 /* Release */ = {
			isa = XCBuildConfiguration;
			buildSettings = {
				ALWAYS_EMBED_SWIFT_STANDARD_LIBRARIES = YES;
				BUNDLE_LOADER = "$(TEST_HOST)";
				CODE_SIGN_STYLE = Automatic;
				CURRENT_PROJECT_VERSION = 1;
				GENERATE_INFOPLIST_FILE = YES;
				IPHONEOS_DEPLOYMENT_TARGET = 17.2;
				MARKETING_VERSION = 1.0;
				PRODUCT_BUNDLE_IDENTIFIER = tbsg.ejemploTests;
				PRODUCT_NAME = "$(TARGET_NAME)";
				SWIFT_EMIT_LOC_STRINGS = NO;
				SWIFT_VERSION = 5.0;
				TARGETED_DEVICE_FAMILY = "1,2";
				TEST_HOST = "$(BUILT_PRODUCTS_DIR)/ejemplo.app/$(BUNDLE_EXECUTABLE_FOLDER_PATH)/ejemplo";
			};
			name = Release;
		};
		407177622B5F7D110015D692 /* Debug */ = {
			isa = XCBuildConfiguration;
			buildSettings = {
				ALWAYS_EMBED_SWIFT_STANDARD_LIBRARIES = YES;
				CODE_SIGN_STYLE = Automatic;
				CURRENT_PROJECT_VERSION = 1;
				GENERATE_INFOPLIST_FILE = YES;
				MARKETING_VERSION = 1.0;
				PRODUCT_BUNDLE_IDENTIFIER = tbsg.ejemploUITests;
				PRODUCT_NAME = "$(TARGET_NAME)";
				SWIFT_EMIT_LOC_STRINGS = NO;
				SWIFT_VERSION = 5.0;
				TARGETED_DEVICE_FAMILY = "1,2";
				TEST_TARGET_NAME = ejemplo;
			};
			name = Debug;
		};
		407177632B5F7D110015D692 /* Release */ = {
			isa = XCBuildConfiguration;
			buildSettings = {
				ALWAYS_EMBED_SWIFT_STANDARD_LIBRARIES = YES;
				CODE_SIGN_STYLE = Automatic;
				CURRENT_PROJECT_VERSION = 1;
				GENERATE_INFOPLIST_FILE = YES;
				MARKETING_VERSION = 1.0;
				PRODUCT_BUNDLE_IDENTIFIER = tbsg.ejemploUITests;
				PRODUCT_NAME = "$(TARGET_NAME)";
				SWIFT_EMIT_LOC_STRINGS = NO;
				SWIFT_VERSION = 5.0;
				TARGETED_DEVICE_FAMILY = "1,2";
				TEST_TARGET_NAME = ejemplo;
			};
			name = Release;
		};
/* End XCBuildConfiguration section */

/* Begin XCConfigurationList section */
		4071772C2B5F7D0F0015D692 /* Build configuration list for PBXProject "ejemplo" */ = {
			isa = XCConfigurationList;
			buildConfigurations = (
				407177592B5F7D110015D692 /* Debug */,
				4071775A2B5F7D110015D692 /* Release */,
			);
			defaultConfigurationIsVisible = 0;
			defaultConfigurationName = Release;
		};
		4071775B2B5F7D110015D692 /* Build configuration list for PBXNativeTarget "ejemplo" */ = {
			isa = XCConfigurationList;
			buildConfigurations = (
				4071775C2B5F7D110015D692 /* Debug */,
				4071775D2B5F7D110015D692 /* Release */,
			);
			defaultConfigurationIsVisible = 0;
			defaultConfigurationName = Release;
		};
		4071775E2B5F7D110015D692 /* Build configuration list for PBXNativeTarget "ejemploTests" */ = {
			isa = XCConfigurationList;
			buildConfigurations = (
				4071775F2B5F7D110015D692 /* Debug */,
				407177602B5F7D110015D692 /* Release */,
			);
			defaultConfigurationIsVisible = 0;
			defaultConfigurationName = Release;
		};
		407177612B5F7D110015D692 /* Build configuration list for PBXNativeTarget "ejemploUITests" */ = {
			isa = XCConfigurationList;
			buildConfigurations = (
				407177622B5F7D110015D692 /* Debug */,
				407177632B5F7D110015D692 /* Release */,
			);
			defaultConfigurationIsVisible = 0;
			defaultConfigurationName = Release;
		};
/* End XCConfigurationList section */
	};
	rootObject = 407177292B5F7D0F0015D692 /* Project object */;
}
